
Microsoft Visual Studio Solution File, Format Version 12.00
# Visual Studio 14
VisualStudioVersion = 14.0.25420.1
MinimumVisualStudioVersion = 10.0.40219.1
Project("{FAE04EC0-301F-11D3-BF4B-00C04F79EFBC}") = "商城后台", "商城后台\商城后台.csproj", "{24C27D90-891B-44A9-86AA-9DF55A682199}"
EndProject
Project("{FAE04EC0-301F-11D3-BF4B-00C04F79EFBC}") = "商城后台.Tests", "商城后台.Tests\商城后台.Tests.csproj", "{A6B53891-2CCE-443E-BF10-7473D97C29B8}"
EndProject
Project("{2150E333-8FDC-42A3-9474-1A3956D46DE8}") = "IBLL", "IBLL", "{A4E5BC91-7C9A-4B0E-A21A-B682811C17A8}"
EndProject
Project("{2150E333-8FDC-42A3-9474-1A3956D46DE8}") = "IDAL", "IDAL", "{AFCC2B3F-1076-4051-BB7D-A0BB2D04DEF6}"
EndProject
Project("{2150E333-8FDC-42A3-9474-1A3956D46DE8}") = "BLL", "BLL", "{C2AA03BF-EBC9-4975-80D1-1E28DCFDB4A2}"
EndProject
Project("{2150E333-8FDC-42A3-9474-1A3956D46DE8}") = "DAL", "DAL", "{94C60E19-6729-4B39-B74B-DE0268E500AD}"
EndProject
Project("{2150E333-8FDC-42A3-9474-1A3956D46DE8}") = "Models", "Models", "{0EE48689-3B25-4723-BE92-6BEAB3F181C7}"
EndProject
Project("{2150E333-8FDC-42A3-9474-1A3956D46DE8}") = "ViewModel", "ViewModel", "{5D2E4F3D-231F-4777-A9E2-4B8294673984}"
EndProject
Project("{2150E333-8FDC-42A3-9474-1A3956D46DE8}") = "Common", "Common", "{AA85D43C-70AD-4147-B203-3C80078A68DD}"
EndProject
Project("{FAE04EC0-301F-11D3-BF4B-00C04F79EFBC}") = "IBLL", "IBaseBLL\IBLL.csproj", "{607F4B04-F107-4F12-968F-E47B90F242E6}"
EndProject
Project("{FAE04EC0-301F-11D3-BF4B-00C04F79EFBC}") = "IDAL", "IDAL\IDAL.csproj", "{944171AF-2666-4F77-BA68-17F22949E994}"
EndProject
Project("{FAE04EC0-301F-11D3-BF4B-00C04F79EFBC}") = "BaseBLL", "BaseBLL\BaseBLL.csproj", "{6E33815D-A69A-400D-9591-20723363D23E}"
EndProject
Project("{FAE04EC0-301F-11D3-BF4B-00C04F79EFBC}") = "BaseDAL", "BaseDAL\BaseDAL.csproj", "{47FB63B6-097C-4350-9489-F912A71A3B03}"
EndProject
Project("{FAE04EC0-301F-11D3-BF4B-00C04F79EFBC}") = "Models", "Models\Models.csproj", "{CC5D436A-39FB-4220-9125-9A1F4C091D09}"
EndProject
Global
	GlobalSection(SolutionConfigurationPlatforms) = preSolution
		Debug|Any CPU = Debug|Any CPU
		Release|Any CPU = Release|Any CPU
	EndGlobalSection
	GlobalSection(ProjectConfigurationPlatforms) = postSolution
		{24C27D90-891B-44A9-86AA-9DF55A682199}.Debug|Any CPU.ActiveCfg = Debug|Any CPU
		{24C27D90-891B-44A9-86AA-9DF55A682199}.Debug|Any CPU.Build.0 = Debug|Any CPU
		{24C27D90-891B-44A9-86AA-9DF55A682199}.Release|Any CPU.ActiveCfg = Release|Any CPU
		{24C27D90-891B-44A9-86AA-9DF55A682199}.Release|Any CPU.Build.0 = Release|Any CPU
		{A6B53891-2CCE-443E-BF10-7473D97C29B8}.Debug|Any CPU.ActiveCfg = Debug|Any CPU
		{A6B53891-2CCE-443E-BF10-7473D97C29B8}.Debug|Any CPU.Build.0 = Debug|Any CPU
		{A6B53891-2CCE-443E-BF10-7473D97C29B8}.Release|Any CPU.ActiveCfg = Release|Any CPU
		{A6B53891-2CCE-443E-BF10-7473D97C29B8}.Release|Any CPU.Build.0 = Release|Any CPU
		{607F4B04-F107-4F12-968F-E47B90F242E6}.Debug|Any CPU.ActiveCfg = Debug|Any CPU
		{607F4B04-F107-4F12-968F-E47B90F242E6}.Debug|Any CPU.Build.0 = Debug|Any CPU
		{607F4B04-F107-4F12-968F-E47B90F242E6}.Release|Any CPU.ActiveCfg = Release|Any CPU
		{607F4B04-F107-4F12-968F-E47B90F242E6}.Release|Any CPU.Build.0 = Release|Any CPU
		{944171AF-2666-4F77-BA68-17F22949E994}.Debug|Any CPU.ActiveCfg = Debug|Any CPU
		{944171AF-2666-4F77-BA68-17F22949E994}.Debug|Any CPU.Build.0 = Debug|Any CPU
		{944171AF-2666-4F77-BA68-17F22949E994}.Release|Any CPU.ActiveCfg = Release|Any CPU
		{944171AF-2666-4F77-BA68-17F22949E994}.Release|Any CPU.Build.0 = Release|Any CPU
		{6E33815D-A69A-400D-9591-20723363D23E}.Debug|Any CPU.ActiveCfg = Debug|Any CPU
		{6E33815D-A69A-400D-9591-20723363D23E}.Debug|Any CPU.Build.0 = Debug|Any CPU
		{6E33815D-A69A-400D-9591-20723363D23E}.Release|Any CPU.ActiveCfg = Release|Any CPU
		{6E33815D-A69A-400D-9591-20723363D23E}.Release|Any CPU.Build.0 = Release|Any CPU
		{47FB63B6-097C-4350-9489-F912A71A3B03}.Debug|Any CPU.ActiveCfg = Debug|Any CPU
		{47FB63B6-097C-4350-9489-F912A71A3B03}.Debug|Any CPU.Build.0 = Debug|Any CPU
		{47FB63B6-097C-4350-9489-F912A71A3B03}.Release|Any CPU.ActiveCfg = Release|Any CPU
		{47FB63B6-097C-4350-9489-F912A71A3B03}.Release|Any CPU.Build.0 = Release|Any CPU
		{CC5D436A-39FB-4220-9125-9A1F4C091D09}.Debug|Any CPU.ActiveCfg = Debug|Any CPU
		{CC5D436A-39FB-4220-9125-9A1F4C091D09}.Debug|Any CPU.Build.0 = Debug|Any CPU
		{CC5D436A-39FB-4220-9125-9A1F4C091D09}.Release|Any CPU.ActiveCfg = Release|Any CPU
		{CC5D436A-39FB-4220-9125-9A1F4C091D09}.Release|Any CPU.Build.0 = Release|Any CPU
	EndGlobalSection
	GlobalSection(SolutionProperties) = preSolution
		HideSolutionNode = FALSE
	EndGlobalSection
	GlobalSection(NestedProjects) = preSolution
		{607F4B04-F107-4F12-968F-E47B90F242E6} = {A4E5BC91-7C9A-4B0E-A21A-B682811C17A8}
		{944171AF-2666-4F77-BA68-17F22949E994} = {AFCC2B3F-1076-4051-BB7D-A0BB2D04DEF6}
		{6E33815D-A69A-400D-9591-20723363D23E} = {C2AA03BF-EBC9-4975-80D1-1E28DCFDB4A2}
		{47FB63B6-097C-4350-9489-F912A71A3B03} = {94C60E19-6729-4B39-B74B-DE0268E500AD}
		{CC5D436A-39FB-4220-9125-9A1F4C091D09} = {0EE48689-3B25-4723-BE92-6BEAB3F181C7}
	EndGlobalSection
EndGlobal
